# THIS IS AN AUTOGENERATED FILE. DO NOT EDIT THIS FILE DIRECTLY.
# yarn lockfile v1


"@specifyapp/cli-staging@^1.1.4-alpha.6":
  version "1.1.4-alpha.6"
  resolved "https://registry.yarnpkg.com/@specifyapp/cli-staging/-/cli-staging-1.1.4-alpha.6.tgz#0ffa7c221d918914e63846fa36ab8e94fb901435"
  integrity sha512-SFE0Ztbt9V+kYbIjSCMsr5E86DemqfUwzLBPu4Ezqwkduyvc9dw1VJ27ySkWBWxzNSw3JH60ohzTqQsn91yL3g==

dotenv@^16.3.1:
  version "16.3.1"
  resolved "https://registry.yarnpkg.com/dotenv/-/dotenv-16.3.1.tgz#369034de7d7e5b120972693352a3bf112172cc3e"
  integrity sha512-IPzF4w4/Rd94bA9imS68tZBaYyBWSCE47V1RGuMrB94iyTOIEwRmVL2x/4An+6mETpLrKJ5hQkB8W4kFAadeIQ==
